
Microsoft Visual Studio Solution File, Format Version 12.00
# Visual Studio Version 16
VisualStudioVersion = 16.0.30413.136
MinimumVisualStudioVersion = 10.0.40219.1
Project("{2150E333-8FDC-42A3-9474-1A3956D46DE8}") = "SolutionFiles", "SolutionFiles", "{E2590C73-0AD4-4F0A-B944-28812AAE5388}"
	ProjectSection(SolutionItems) = preProject
		Directory.Build.props = Directory.Build.props
		Directory.Build.targets = Directory.Build.targets
		local-build.ps1 = local-build.ps1
		Nuget.Default.props = Nuget.Default.props
		README.md = README.md
	EndProjectSection
EndProject
Project("{2150E333-8FDC-42A3-9474-1A3956D46DE8}") = ".github", ".github", "{96CAB3FB-430A-4F96-854E-DFBF10B28ECF}"
	ProjectSection(SolutionItems) = preProject
		.github\workflows\dotnet-core.yml = .github\workflows\dotnet-core.yml
		.github\workflows\Test-Release-pull_request.yml = .github\workflows\Test-Release-pull_request.yml
	EndProjectSection
EndProject
Project("{2150E333-8FDC-42A3-9474-1A3956D46DE8}") = "SemanticVersioning", "SemanticVersioning", "{92C80185-8837-4FFF-94B9-FAB9329C324F}"
	ProjectSection(SolutionItems) = preProject
		CHANGELOG.md = CHANGELOG.md
		github.json = github.json
		package-lock.json = package-lock.json
		package.json = package.json
		release.config.js = release.config.js
	EndProjectSection
EndProject
Project("{2150E333-8FDC-42A3-9474-1A3956D46DE8}") = "Templates", "Templates", "{2831C909-786A-42A7-94E8-FCE9D7AFFDC5}"
	ProjectSection(SolutionItems) = preProject
		SemanticVersioning\commit.hbs = SemanticVersioning\commit.hbs
		SemanticVersioning\footer.hbs = SemanticVersioning\footer.hbs
		SemanticVersioning\header.hbs = SemanticVersioning\header.hbs
		SemanticVersioning\parserOpts.js = SemanticVersioning\parserOpts.js
		SemanticVersioning\release-rules.js = SemanticVersioning\release-rules.js
		SemanticVersioning\template.hbs = SemanticVersioning\template.hbs
	EndProjectSection
EndProject
Project("{2150E333-8FDC-42A3-9474-1A3956D46DE8}") = "Repository", "Repository", "{C32981A9-AB77-4343-A6CB-DAC109ED4E6F}"
EndProject
Project("{9A19103F-16F7-4668-BE54-9A1E7A4F7556}") = "RolePlayedGamesHelper.Repository", "src\RolePlayedGamesHelper.Repository\RolePlayedGamesHelper.Repository.csproj", "{E829FBF9-38E5-4BAD-861C-65A282886878}"
EndProject
Project("{9A19103F-16F7-4668-BE54-9A1E7A4F7556}") = "RolePlayedGamesHelper.Repository.AzureTableRepository", "src\RolePlayedGamesHelper.Repository.AzureTableRepository\RolePlayedGamesHelper.Repository.AzureTableRepository.csproj", "{B0688B29-E942-48C5-9584-12684AF588D0}"
EndProject
Project("{9A19103F-16F7-4668-BE54-9A1E7A4F7556}") = "RolePlayedGamesHelper.Repository.EntityFramework", "src\RolePlayedGamesHelper.Repository.EntityFramework\RolePlayedGamesHelper.Repository.EntityFramework.csproj", "{FA31F224-4B00-4A49-8E07-0AED59672F00}"
EndProject
Project("{9A19103F-16F7-4668-BE54-9A1E7A4F7556}") = "RolePlayedGamesHelper.Repository.EntityFrameworkCore", "src\RolePlayedGamesHelper.Repository.EntityFrameworkCore\RolePlayedGamesHelper.Repository.EntityFrameworkCore.csproj", "{50A5DD80-C9B1-41ED-937F-CA63F688A969}"
EndProject
Project("{9A19103F-16F7-4668-BE54-9A1E7A4F7556}") = "RolePlayedGamesHelper.Repository.MongoDb", "src\RolePlayedGamesHelper.Repository.MongoDb\RolePlayedGamesHelper.Repository.MongoDb.csproj", "{89CE2544-D088-4826-9CFD-BDFA84264539}"
EndProject
Project("{9A19103F-16F7-4668-BE54-9A1E7A4F7556}") = "RolePlayedGamesHelper.Repository.RavenDb", "src\RolePlayedGamesHelper.Repository.RavenDb\RolePlayedGamesHelper.Repository.RavenDb.csproj", "{7D81A2B6-46CD-4A12-95CF-13D9A02A00C7}"
EndProject
Project("{9A19103F-16F7-4668-BE54-9A1E7A4F7556}") = "RolePlayedGamesHelper.Repository.Xml", "src\RolePlayedGamesHelper.Repository.Xml\RolePlayedGamesHelper.Repository.Xml.csproj", "{69DB1EAC-C72F-4F69-89A5-85767160A34F}"
EndProject
Project("{2150E333-8FDC-42A3-9474-1A3956D46DE8}") = "Tests", "Tests", "{7534805B-0B63-43CF-9E9B-4E3085E94CDA}"
EndProject
Project("{9A19103F-16F7-4668-BE54-9A1E7A4F7556}") = "RolePlayedGamesHelper.Repository.UnitTests", "test\RolePlayedGamesHelper.Repository.UnitTests\RolePlayedGamesHelper.Repository.UnitTests.csproj", "{9557F5E4-6E62-4105-82C0-EE49780217D6}"
EndProject
Project("{9A19103F-16F7-4668-BE54-9A1E7A4F7556}") = "RolePlayedGamesHelper.Repository.IntegrationTests", "test\RolePlayedGamesHelper.Repository.IntegrationTests\RolePlayedGamesHelper.Repository.IntegrationTests.csproj", "{9457B760-5F19-4FCF-8EFA-DD5EB073C02C}"
EndProject
Project("{2150E333-8FDC-42A3-9474-1A3956D46DE8}") = "CQRS", "CQRS", "{5C80A77F-A055-4F73-868F-F9A06B06CA49}"
EndProject
Project("{9A19103F-16F7-4668-BE54-9A1E7A4F7556}") = "RolePlayedGamesHelper.Cqrs.Kledex", "src\RolePlayedGamesHelper.Cqrs.Kledex\RolePlayedGamesHelper.Cqrs.Kledex.csproj", "{FD51D0D4-859C-4604-B712-5F1310789D65}"
EndProject
Project("{9A19103F-16F7-4668-BE54-9A1E7A4F7556}") = "RolePlayedGamesHelper.Cqrs.Kledex.Validation.FluentValidation", "src\RolePlayedGamesHelper.Cqrs.Kledex.Validation.FluentValidation\RolePlayedGamesHelper.Cqrs.Kledex.Validation.FluentValidation.csproj", "{010EEF33-6693-4AB2-B795-9925A240C899}"
EndProject
Project("{9A19103F-16F7-4668-BE54-9A1E7A4F7556}") = "RolePlayedGamesHelper.Repository.InMemoryRepository", "src\RolePlayedGamesHelper.Repository.InMemoryRepository\RolePlayedGamesHelper.Repository.InMemoryRepository.csproj", "{E23B8187-1B1E-4970-BFDF-A0DA10A7E6C8}"
EndProject
Project("{9A19103F-16F7-4668-BE54-9A1E7A4F7556}") = "RolePlayedGamesHelper.Cqrs.Kledex.Bus.ServiceBus", "src\RolePlayedGamesHelper.Cqrs.Kledex.Bus.ServiceBus\RolePlayedGamesHelper.Cqrs.Kledex.Bus.ServiceBus.csproj", "{F0E97A6D-B333-4DD1-8D95-B8DD77C96288}"
EndProject
Project("{9A19103F-16F7-4668-BE54-9A1E7A4F7556}") = "RolePlayedGamesHelper.Cqrs.Kledex.Store.EF", "src\RolePlayedGamesHelper.Cqrs.Kledex.Store.EF\RolePlayedGamesHelper.Cqrs.Kledex.Store.EF.csproj", "{2B49799D-661C-4EBE-BFAD-647B781FDE63}"
EndProject
Project("{9A19103F-16F7-4668-BE54-9A1E7A4F7556}") = "RolePlayedGamesHelper.Cqrs.Kledex.Store.RavenDb", "src\RolePlayedGamesHelper.Cqrs.Kledex.Store.RavenDb\RolePlayedGamesHelper.Cqrs.Kledex.Store.RavenDb.csproj", "{4655B58E-FCB1-4BA0-AA81-1584ED1F8C7E}"
EndProject
Project("{2150E333-8FDC-42A3-9474-1A3956D46DE8}") = "Tests", "Tests", "{5A7D7820-A4BF-4910-8D13-771E9BCE62B2}"
EndProject
Project("{9A19103F-16F7-4668-BE54-9A1E7A4F7556}") = "RolePlayedGamesHelper.Cqrs.Kledex.UnitTests", "test\RolePlayedGamesHelper.Cqrs.Kledex.UnitTests\RolePlayedGamesHelper.Cqrs.Kledex.UnitTests.csproj", "{7F029025-A62D-4E10-9BFF-5DA7355B0DFD}"
EndProject
Project("{2150E333-8FDC-42A3-9474-1A3956D46DE8}") = "Tests", "Tests", "{86EF7165-67F1-4AC2-B483-197F48CAE653}"
	ProjectSection(SolutionItems) = preProject
		test\Directory.Build.props = test\Directory.Build.props
		test\Directory.Build.targets = test\Directory.Build.targets
	EndProjectSection
EndProject
Project("{9A19103F-16F7-4668-BE54-9A1E7A4F7556}") = "RolePlayedGamesHelper.Cqrs.EventSourcing", "src\RolePlayedGamesHelper.Cqrs.EventSourcing\RolePlayedGamesHelper.Cqrs.EventSourcing.csproj", "{3EEA57E2-0D9A-4451-B206-867EC2AB7FAC}"
EndProject
Project("{2150E333-8FDC-42A3-9474-1A3956D46DE8}") = "GatalogService", "GatalogService", "{A367D794-1F33-4EF5-9150-94B5A5983054}"
EndProject
Project("{9A19103F-16F7-4668-BE54-9A1E7A4F7556}") = "RolePlayedGamesHelper.GatalogService.Api", "src\Service\RolePlayedGamesHelper.GatalogService.Api\RolePlayedGamesHelper.GatalogService.Api.csproj", "{B21065C9-2CAE-418F-A346-692DA67A0D49}"
EndProject
Project("{2150E333-8FDC-42A3-9474-1A3956D46DE8}") = "Seedwork", "Seedwork", "{0B6C0596-D864-42C5-9684-26CFE6EFCFDB}"
EndProject
Project("{9A19103F-16F7-4668-BE54-9A1E7A4F7556}") = "RolePlayedGamesHelper.Seedwork.Api", "src\RolePlayedGamesHelper.Seedwork.Api\RolePlayedGamesHelper.Seedwork.Api.csproj", "{F9B494CF-2479-477C-AF4E-B66AF41E7A80}"
EndProject
Global
	GlobalSection(SolutionConfigurationPlatforms) = preSolution
		Debug|Any CPU = Debug|Any CPU
		Release|Any CPU = Release|Any CPU
	EndGlobalSection
	GlobalSection(ProjectConfigurationPlatforms) = postSolution
		{E829FBF9-38E5-4BAD-861C-65A282886878}.Debug|Any CPU.ActiveCfg = Debug|Any CPU
		{E829FBF9-38E5-4BAD-861C-65A282886878}.Debug|Any CPU.Build.0 = Debug|Any CPU
		{E829FBF9-38E5-4BAD-861C-65A282886878}.Release|Any CPU.ActiveCfg = Release|Any CPU
		{E829FBF9-38E5-4BAD-861C-65A282886878}.Release|Any CPU.Build.0 = Release|Any CPU
		{B0688B29-E942-48C5-9584-12684AF588D0}.Debug|Any CPU.ActiveCfg = Debug|Any CPU
		{B0688B29-E942-48C5-9584-12684AF588D0}.Debug|Any CPU.Build.0 = Debug|Any CPU
		{B0688B29-E942-48C5-9584-12684AF588D0}.Release|Any CPU.ActiveCfg = Release|Any CPU
		{B0688B29-E942-48C5-9584-12684AF588D0}.Release|Any CPU.Build.0 = Release|Any CPU
		{FA31F224-4B00-4A49-8E07-0AED59672F00}.Debug|Any CPU.ActiveCfg = Debug|Any CPU
		{FA31F224-4B00-4A49-8E07-0AED59672F00}.Debug|Any CPU.Build.0 = Debug|Any CPU
		{FA31F224-4B00-4A49-8E07-0AED59672F00}.Release|Any CPU.ActiveCfg = Release|Any CPU
		{FA31F224-4B00-4A49-8E07-0AED59672F00}.Release|Any CPU.Build.0 = Release|Any CPU
		{50A5DD80-C9B1-41ED-937F-CA63F688A969}.Debug|Any CPU.ActiveCfg = Debug|Any CPU
		{50A5DD80-C9B1-41ED-937F-CA63F688A969}.Debug|Any CPU.Build.0 = Debug|Any CPU
		{50A5DD80-C9B1-41ED-937F-CA63F688A969}.Release|Any CPU.ActiveCfg = Release|Any CPU
		{50A5DD80-C9B1-41ED-937F-CA63F688A969}.Release|Any CPU.Build.0 = Release|Any CPU
		{89CE2544-D088-4826-9CFD-BDFA84264539}.Debug|Any CPU.ActiveCfg = Debug|Any CPU
		{89CE2544-D088-4826-9CFD-BDFA84264539}.Debug|Any CPU.Build.0 = Debug|Any CPU
		{89CE2544-D088-4826-9CFD-BDFA84264539}.Release|Any CPU.ActiveCfg = Release|Any CPU
		{89CE2544-D088-4826-9CFD-BDFA84264539}.Release|Any CPU.Build.0 = Release|Any CPU
		{7D81A2B6-46CD-4A12-95CF-13D9A02A00C7}.Debug|Any CPU.ActiveCfg = Debug|Any CPU
		{7D81A2B6-46CD-4A12-95CF-13D9A02A00C7}.Debug|Any CPU.Build.0 = Debug|Any CPU
		{7D81A2B6-46CD-4A12-95CF-13D9A02A00C7}.Release|Any CPU.ActiveCfg = Release|Any CPU
		{7D81A2B6-46CD-4A12-95CF-13D9A02A00C7}.Release|Any CPU.Build.0 = Release|Any CPU
		{69DB1EAC-C72F-4F69-89A5-85767160A34F}.Debug|Any CPU.ActiveCfg = Debug|Any CPU
		{69DB1EAC-C72F-4F69-89A5-85767160A34F}.Debug|Any CPU.Build.0 = Debug|Any CPU
		{69DB1EAC-C72F-4F69-89A5-85767160A34F}.Release|Any CPU.ActiveCfg = Release|Any CPU
		{69DB1EAC-C72F-4F69-89A5-85767160A34F}.Release|Any CPU.Build.0 = Release|Any CPU
		{9557F5E4-6E62-4105-82C0-EE49780217D6}.Debug|Any CPU.ActiveCfg = Debug|Any CPU
		{9557F5E4-6E62-4105-82C0-EE49780217D6}.Debug|Any CPU.Build.0 = Debug|Any CPU
		{9557F5E4-6E62-4105-82C0-EE49780217D6}.Release|Any CPU.ActiveCfg = Release|Any CPU
		{9557F5E4-6E62-4105-82C0-EE49780217D6}.Release|Any CPU.Build.0 = Release|Any CPU
		{9457B760-5F19-4FCF-8EFA-DD5EB073C02C}.Debug|Any CPU.ActiveCfg = Debug|Any CPU
		{9457B760-5F19-4FCF-8EFA-DD5EB073C02C}.Debug|Any CPU.Build.0 = Debug|Any CPU
		{9457B760-5F19-4FCF-8EFA-DD5EB073C02C}.Release|Any CPU.ActiveCfg = Release|Any CPU
		{9457B760-5F19-4FCF-8EFA-DD5EB073C02C}.Release|Any CPU.Build.0 = Release|Any CPU
		{FD51D0D4-859C-4604-B712-5F1310789D65}.Debug|Any CPU.ActiveCfg = Debug|Any CPU
		{FD51D0D4-859C-4604-B712-5F1310789D65}.Debug|Any CPU.Build.0 = Debug|Any CPU
		{FD51D0D4-859C-4604-B712-5F1310789D65}.Release|Any CPU.ActiveCfg = Release|Any CPU
		{FD51D0D4-859C-4604-B712-5F1310789D65}.Release|Any CPU.Build.0 = Release|Any CPU
		{010EEF33-6693-4AB2-B795-9925A240C899}.Debug|Any CPU.ActiveCfg = Debug|Any CPU
		{010EEF33-6693-4AB2-B795-9925A240C899}.Debug|Any CPU.Build.0 = Debug|Any CPU
		{010EEF33-6693-4AB2-B795-9925A240C899}.Release|Any CPU.ActiveCfg = Release|Any CPU
		{010EEF33-6693-4AB2-B795-9925A240C899}.Release|Any CPU.Build.0 = Release|Any CPU
		{E23B8187-1B1E-4970-BFDF-A0DA10A7E6C8}.Debug|Any CPU.ActiveCfg = Debug|Any CPU
		{E23B8187-1B1E-4970-BFDF-A0DA10A7E6C8}.Debug|Any CPU.Build.0 = Debug|Any CPU
		{E23B8187-1B1E-4970-BFDF-A0DA10A7E6C8}.Release|Any CPU.ActiveCfg = Release|Any CPU
		{E23B8187-1B1E-4970-BFDF-A0DA10A7E6C8}.Release|Any CPU.Build.0 = Release|Any CPU
		{F0E97A6D-B333-4DD1-8D95-B8DD77C96288}.Debug|Any CPU.ActiveCfg = Debug|Any CPU
		{F0E97A6D-B333-4DD1-8D95-B8DD77C96288}.Debug|Any CPU.Build.0 = Debug|Any CPU
		{F0E97A6D-B333-4DD1-8D95-B8DD77C96288}.Release|Any CPU.ActiveCfg = Release|Any CPU
		{F0E97A6D-B333-4DD1-8D95-B8DD77C96288}.Release|Any CPU.Build.0 = Release|Any CPU
		{2B49799D-661C-4EBE-BFAD-647B781FDE63}.Debug|Any CPU.ActiveCfg = Debug|Any CPU
		{2B49799D-661C-4EBE-BFAD-647B781FDE63}.Debug|Any CPU.Build.0 = Debug|Any CPU
		{2B49799D-661C-4EBE-BFAD-647B781FDE63}.Release|Any CPU.ActiveCfg = Release|Any CPU
		{2B49799D-661C-4EBE-BFAD-647B781FDE63}.Release|Any CPU.Build.0 = Release|Any CPU
		{4655B58E-FCB1-4BA0-AA81-1584ED1F8C7E}.Debug|Any CPU.ActiveCfg = Debug|Any CPU
		{4655B58E-FCB1-4BA0-AA81-1584ED1F8C7E}.Debug|Any CPU.Build.0 = Debug|Any CPU
		{4655B58E-FCB1-4BA0-AA81-1584ED1F8C7E}.Release|Any CPU.ActiveCfg = Release|Any CPU
		{4655B58E-FCB1-4BA0-AA81-1584ED1F8C7E}.Release|Any CPU.Build.0 = Release|Any CPU
		{7F029025-A62D-4E10-9BFF-5DA7355B0DFD}.Debug|Any CPU.ActiveCfg = Debug|Any CPU
		{7F029025-A62D-4E10-9BFF-5DA7355B0DFD}.Debug|Any CPU.Build.0 = Debug|Any CPU
		{7F029025-A62D-4E10-9BFF-5DA7355B0DFD}.Release|Any CPU.ActiveCfg = Release|Any CPU
		{7F029025-A62D-4E10-9BFF-5DA7355B0DFD}.Release|Any CPU.Build.0 = Release|Any CPU
		{3EEA57E2-0D9A-4451-B206-867EC2AB7FAC}.Debug|Any CPU.ActiveCfg = Debug|Any CPU
		{3EEA57E2-0D9A-4451-B206-867EC2AB7FAC}.Debug|Any CPU.Build.0 = Debug|Any CPU
		{3EEA57E2-0D9A-4451-B206-867EC2AB7FAC}.Release|Any CPU.ActiveCfg = Release|Any CPU
		{3EEA57E2-0D9A-4451-B206-867EC2AB7FAC}.Release|Any CPU.Build.0 = Release|Any CPU
		{B21065C9-2CAE-418F-A346-692DA67A0D49}.Debug|Any CPU.ActiveCfg = Debug|Any CPU
		{B21065C9-2CAE-418F-A346-692DA67A0D49}.Debug|Any CPU.Build.0 = Debug|Any CPU
		{B21065C9-2CAE-418F-A346-692DA67A0D49}.Release|Any CPU.ActiveCfg = Release|Any CPU
		{B21065C9-2CAE-418F-A346-692DA67A0D49}.Release|Any CPU.Build.0 = Release|Any CPU
		{F9B494CF-2479-477C-AF4E-B66AF41E7A80}.Debug|Any CPU.ActiveCfg = Debug|Any CPU
		{F9B494CF-2479-477C-AF4E-B66AF41E7A80}.Debug|Any CPU.Build.0 = Debug|Any CPU
		{F9B494CF-2479-477C-AF4E-B66AF41E7A80}.Release|Any CPU.ActiveCfg = Release|Any CPU
		{F9B494CF-2479-477C-AF4E-B66AF41E7A80}.Release|Any CPU.Build.0 = Release|Any CPU
	EndGlobalSection
	GlobalSection(SolutionProperties) = preSolution
		HideSolutionNode = FALSE
	EndGlobalSection
	GlobalSection(NestedProjects) = preSolution
		{96CAB3FB-430A-4F96-854E-DFBF10B28ECF} = {E2590C73-0AD4-4F0A-B944-28812AAE5388}
		{92C80185-8837-4FFF-94B9-FAB9329C324F} = {E2590C73-0AD4-4F0A-B944-28812AAE5388}
		{2831C909-786A-42A7-94E8-FCE9D7AFFDC5} = {92C80185-8837-4FFF-94B9-FAB9329C324F}
		{E829FBF9-38E5-4BAD-861C-65A282886878} = {C32981A9-AB77-4343-A6CB-DAC109ED4E6F}
		{B0688B29-E942-48C5-9584-12684AF588D0} = {C32981A9-AB77-4343-A6CB-DAC109ED4E6F}
		{FA31F224-4B00-4A49-8E07-0AED59672F00} = {C32981A9-AB77-4343-A6CB-DAC109ED4E6F}
		{50A5DD80-C9B1-41ED-937F-CA63F688A969} = {C32981A9-AB77-4343-A6CB-DAC109ED4E6F}
		{89CE2544-D088-4826-9CFD-BDFA84264539} = {C32981A9-AB77-4343-A6CB-DAC109ED4E6F}
		{7D81A2B6-46CD-4A12-95CF-13D9A02A00C7} = {C32981A9-AB77-4343-A6CB-DAC109ED4E6F}
		{69DB1EAC-C72F-4F69-89A5-85767160A34F} = {C32981A9-AB77-4343-A6CB-DAC109ED4E6F}
		{7534805B-0B63-43CF-9E9B-4E3085E94CDA} = {C32981A9-AB77-4343-A6CB-DAC109ED4E6F}
		{9557F5E4-6E62-4105-82C0-EE49780217D6} = {7534805B-0B63-43CF-9E9B-4E3085E94CDA}
		{9457B760-5F19-4FCF-8EFA-DD5EB073C02C} = {7534805B-0B63-43CF-9E9B-4E3085E94CDA}
		{FD51D0D4-859C-4604-B712-5F1310789D65} = {5C80A77F-A055-4F73-868F-F9A06B06CA49}
		{010EEF33-6693-4AB2-B795-9925A240C899} = {5C80A77F-A055-4F73-868F-F9A06B06CA49}
		{E23B8187-1B1E-4970-BFDF-A0DA10A7E6C8} = {C32981A9-AB77-4343-A6CB-DAC109ED4E6F}
		{F0E97A6D-B333-4DD1-8D95-B8DD77C96288} = {5C80A77F-A055-4F73-868F-F9A06B06CA49}
		{2B49799D-661C-4EBE-BFAD-647B781FDE63} = {5C80A77F-A055-4F73-868F-F9A06B06CA49}
		{4655B58E-FCB1-4BA0-AA81-1584ED1F8C7E} = {5C80A77F-A055-4F73-868F-F9A06B06CA49}
		{5A7D7820-A4BF-4910-8D13-771E9BCE62B2} = {5C80A77F-A055-4F73-868F-F9A06B06CA49}
		{7F029025-A62D-4E10-9BFF-5DA7355B0DFD} = {5A7D7820-A4BF-4910-8D13-771E9BCE62B2}
		{86EF7165-67F1-4AC2-B483-197F48CAE653} = {E2590C73-0AD4-4F0A-B944-28812AAE5388}
		{3EEA57E2-0D9A-4451-B206-867EC2AB7FAC} = {5C80A77F-A055-4F73-868F-F9A06B06CA49}
		{B21065C9-2CAE-418F-A346-692DA67A0D49} = {A367D794-1F33-4EF5-9150-94B5A5983054}
		{F9B494CF-2479-477C-AF4E-B66AF41E7A80} = {0B6C0596-D864-42C5-9684-26CFE6EFCFDB}
	EndGlobalSection
	GlobalSection(ExtensibilityGlobals) = postSolution
		SolutionGuid = {00F53228-D583-4063-881D-E60E058EDABC}
	EndGlobalSection
EndGlobal
